{
  "requires": true,
  "lockfileVersion": 1,
  "dependencies": {
    "swagger-ui-dist": {
      "version": "3.48.0",
      "resolved": "https://registry.npmjs.org/swagger-ui-dist/-/swagger-ui-dist-3.48.0.tgz",
      "integrity": "sha512-UgpKIQW5RAb4nYRG8B615blmQzct0DNuvtX4904Fe2aMWAVfWeKHKl4kwzFXuBJgr2WYWTwM1PnhZ+qqkLrpPg=="
    },
    "swagger-ui-express": {
      "version": "4.1.6",
      "resolved": "https://registry.npmjs.org/swagger-ui-express/-/swagger-ui-express-4.1.6.tgz",
      "integrity": "sha512-Xs2BGGudvDBtL7RXcYtNvHsFtP1DBFPMJFRxHe5ez/VG/rzVOEjazJOOSc/kSCyxreCTKfJrII6MJlL9a6t8vw==",
      "requires": {
        "swagger-ui-dist": "^3.18.1"
      }
    }
  }
}
